
Microsoft Visual Studio Solution File, Format Version 12.00
# Visual Studio Version 16
VisualStudioVersion = 16.0.30907.101
MinimumVisualStudioVersion = 10.0.40219.1
Project("{9A19103F-16F7-4668-BE54-9A1E7A4F7556}") = "Mimp.SeeSharper.TypeProvider.Abstraction", "Mimp.SeeSharper.TypeProvider.Abstraction\Mimp.SeeSharper.TypeProvider.Abstraction.csproj", "{222643B1-64EE-4D63-8F60-F98F0E4F0968}"
EndProject
Project("{9A19103F-16F7-4668-BE54-9A1E7A4F7556}") = "Mimp.SeeSharper.TypeProvider", "Mimp.SeeSharper.TypeProvider\Mimp.SeeSharper.TypeProvider.csproj", "{B39115FC-4F8C-4792-B5E5-F8817365F47B}"
EndProject
Project("{2150E333-8FDC-42A3-9474-1A3956D46DE8}") = "libs", "libs", "{361F8478-160C-457A-8EE1-74B1DF78D42E}"
EndProject
Project("{9A19103F-16F7-4668-BE54-9A1E7A4F7556}") = "Mimp.SeeSharper.Reflection", "..\libs\Reflection\src\Mimp.SeeSharper.Reflection\Mimp.SeeSharper.Reflection.csproj", "{04CB0AD5-DFD0-4E46-82C7-D082C80BE08B}"
EndProject
Global
	GlobalSection(SolutionConfigurationPlatforms) = preSolution
		Debug|Any CPU = Debug|Any CPU
		Release|Any CPU = Release|Any CPU
	EndGlobalSection
	GlobalSection(ProjectConfigurationPlatforms) = postSolution
		{222643B1-64EE-4D63-8F60-F98F0E4F0968}.Debug|Any CPU.ActiveCfg = Debug|Any CPU
		{222643B1-64EE-4D63-8F60-F98F0E4F0968}.Debug|Any CPU.Build.0 = Debug|Any CPU
		{222643B1-64EE-4D63-8F60-F98F0E4F0968}.Release|Any CPU.ActiveCfg = Release|Any CPU
		{222643B1-64EE-4D63-8F60-F98F0E4F0968}.Release|Any CPU.Build.0 = Release|Any CPU
		{B39115FC-4F8C-4792-B5E5-F8817365F47B}.Debug|Any CPU.ActiveCfg = Debug|Any CPU
		{B39115FC-4F8C-4792-B5E5-F8817365F47B}.Debug|Any CPU.Build.0 = Debug|Any CPU
		{B39115FC-4F8C-4792-B5E5-F8817365F47B}.Release|Any CPU.ActiveCfg = Release|Any CPU
		{B39115FC-4F8C-4792-B5E5-F8817365F47B}.Release|Any CPU.Build.0 = Release|Any CPU
		{04CB0AD5-DFD0-4E46-82C7-D082C80BE08B}.Debug|Any CPU.ActiveCfg = Debug|Any CPU
		{04CB0AD5-DFD0-4E46-82C7-D082C80BE08B}.Debug|Any CPU.Build.0 = Debug|Any CPU
		{04CB0AD5-DFD0-4E46-82C7-D082C80BE08B}.Release|Any CPU.ActiveCfg = Release|Any CPU
		{04CB0AD5-DFD0-4E46-82C7-D082C80BE08B}.Release|Any CPU.Build.0 = Release|Any CPU
	EndGlobalSection
	GlobalSection(SolutionProperties) = preSolution
		HideSolutionNode = FALSE
	EndGlobalSection
	GlobalSection(NestedProjects) = preSolution
		{04CB0AD5-DFD0-4E46-82C7-D082C80BE08B} = {361F8478-160C-457A-8EE1-74B1DF78D42E}
	EndGlobalSection
	GlobalSection(ExtensibilityGlobals) = postSolution
		SolutionGuid = {0499B351-B868-4C94-8E5A-6D76ECC5DA72}
	EndGlobalSection
EndGlobal
